<?xml version="1.0" encoding="utf-8"?>
<Project ToolsVersion="4.0" xmlns="http://schemas.microsoft.com/developer/msbuild/2003">
  <ItemGroup>
    <Filter Include="Elys">
      <UniqueIdentifier>{22C1847C-0EF8-850D-B7E4-6B10A3FA010F}</UniqueIdentifier>
    </Filter>
    <Filter Include="Elys\Events">
      <UniqueIdentifier>{C692B58D-3248-2E83-BB3C-285A27F12487}</UniqueIdentifier>
    </Filter>
    <Filter Include="Platform">
      <UniqueIdentifier>{2AC788B4-1694-E3BF-3FAD-D1672BD9184E}</UniqueIdentifier>
    </Filter>
    <Filter Include="Platform\Windows">
      <UniqueIdentifier>{64FBD71A-50F4-F66C-7926-DCF1657ED678}</UniqueIdentifier>
    </Filter>
  </ItemGroup>
  <ItemGroup>
    <ClInclude Include="src\Elys.h" />
    <ClInclude Include="src\Elys\Application.h">
      <Filter>Elys</Filter>
    </ClInclude>
    <ClInclude Include="src\Elys\Core.h">
      <Filter>Elys</Filter>
    </ClInclude>
    <ClInclude Include="src\Elys\EntryPoint.h">
      <Filter>Elys</Filter>
    </ClInclude>
    <ClInclude Include="src\Elys\Events\ApplicationEvent.h">
      <Filter>Elys\Events</Filter>
    </ClInclude>
    <ClInclude Include="src\Elys\Events\Event.h">
      <Filter>Elys\Events</Filter>
    </ClInclude>
    <ClInclude Include="src\Elys\Events\KeyEvent.h">
      <Filter>Elys\Events</Filter>
    </ClInclude>
    <ClInclude Include="src\Elys\Events\MouseEvent.h">
      <Filter>Elys\Events</Filter>
    </ClInclude>
    <ClInclude Include="src\Elys\Layer.h">
      <Filter>Elys</Filter>
    </ClInclude>
    <ClInclude Include="src\Elys\LayerStack.h">
      <Filter>Elys</Filter>
    </ClInclude>
    <ClInclude Include="src\Elys\Log.h">
      <Filter>Elys</Filter>
    </ClInclude>
    <ClInclude Include="src\Elys\Window.h">
      <Filter>Elys</Filter>
    </ClInclude>
    <ClInclude Include="src\Platform\Windows\WindowsWindow.h">
      <Filter>Platform\Windows</Filter>
    </ClInclude>
    <ClInclude Include="src\elyspch.h" />
  </ItemGroup>
  <ItemGroup>
    <ClCompile Include="src\Elys\Application.cpp">
      <Filter>Elys</Filter>
    </ClCompile>
    <ClCompile Include="src\Elys\Layer.cpp">
      <Filter>Elys</Filter>
    </ClCompile>
    <ClCompile Include="src\Elys\LayerStack.cpp">
      <Filter>Elys</Filter>
    </ClCompile>
    <ClCompile Include="src\Elys\Log.cpp">
      <Filter>Elys</Filter>
    </ClCompile>
    <ClCompile Include="src\Platform\Windows\WindowsWindow.cpp">
      <Filter>Platform\Windows</Filter>
    </ClCompile>
    <ClCompile Include="src\elyspch.cpp" />
  </ItemGroup>
</Project>